
Microsoft Visual Studio Solution File, Format Version 12.00
# Visual Studio 15
VisualStudioVersion = 15.0.27130.2010
MinimumVisualStudioVersion = 10.0.40219.1
Project("{FAE04EC0-301F-11D3-BF4B-00C04F79EFBC}") = "BookReviewMVC2018w", "BookReviewMVC2018w\BookReviewMVC2018w.csproj", "{396AC895-6FD6-4B42-B28B-20407729BFD8}"
EndProject
Global
	GlobalSection(SolutionConfigurationPlatforms) = preSolution
		Debug|Any CPU = Debug|Any CPU
		Release|Any CPU = Release|Any CPU
	EndGlobalSection
	GlobalSection(ProjectConfigurationPlatforms) = postSolution
		{396AC895-6FD6-4B42-B28B-20407729BFD8}.Debug|Any CPU.ActiveCfg = Debug|Any CPU
		{396AC895-6FD6-4B42-B28B-20407729BFD8}.Debug|Any CPU.Build.0 = Debug|Any CPU
		{396AC895-6FD6-4B42-B28B-20407729BFD8}.Release|Any CPU.ActiveCfg = Release|Any CPU
		{396AC895-6FD6-4B42-B28B-20407729BFD8}.Release|Any CPU.Build.0 = Release|Any CPU
	EndGlobalSection
	GlobalSection(SolutionProperties) = preSolution
		HideSolutionNode = FALSE
	EndGlobalSection
	GlobalSection(ExtensibilityGlobals) = postSolution
		SolutionGuid = {02C0B499-9C4E-4C17-9B3E-CE3925FEEAAD}
	EndGlobalSection
EndGlobal
